// !$*UTF8*$!
{
	archiveVersion = 1;
	classes = {
	};
	objectVersion = 70;
	objects = {

/* Begin PBXBuildFile section */
		4912605C2B253AEE0083482C /* LogKit in Frameworks */ = {isa = PBXBuildFile; productRef = 4912605B2B253AEE0083482C /* LogKit */; };
		49BECFD02CDBCDD100EC84B9 /* DatadogCore in Frameworks */ = {isa = PBXBuildFile; productRef = 49BECFCF2CDBCDD100EC84B9 /* DatadogCore */; };
		49BECFD22CDBCDD100EC84B9 /* DatadogCrashReporting in Frameworks */ = {isa = PBXBuildFile; productRef = 49BECFD12CDBCDD100EC84B9 /* DatadogCrashReporting */; };
		49BECFD42CDBCDD100EC84B9 /* DatadogLogs in Frameworks */ = {isa = PBXBuildFile; productRef = 49BECFD32CDBCDD100EC84B9 /* DatadogLogs */; };
		49BECFD62CDBCDD100EC84B9 /* DatadogObjc in Frameworks */ = {isa = PBXBuildFile; productRef = 49BECFD52CDBCDD100EC84B9 /* DatadogObjc */; };
		49BECFD82CDBCDD100EC84B9 /* DatadogRUM in Frameworks */ = {isa = PBXBuildFile; productRef = 49BECFD72CDBCDD100EC84B9 /* DatadogRUM */; };
		49BECFEA2CDBCFF300EC84B9 /* FirebaseCrashlytics in Frameworks */ = {isa = PBXBuildFile; productRef = 49BECFE92CDBCFF300EC84B9 /* FirebaseCrashlytics */; };
		49FC452B2CDBCCA000E4A534 /* LogKit in Frameworks */ = {isa = PBXBuildFile; productRef = 49FC452A2CDBCCA000E4A534 /* LogKit */; };
/* End PBXBuildFile section */

/* Begin PBXContainerItemProxy section */
		495487262B25390F0097EC90 /* PBXContainerItemProxy */ = {
			isa = PBXContainerItemProxy;
			containerPortal = 495487072B25390E0097EC90 /* Project object */;
			proxyType = 1;
			remoteGlobalIDString = 4954870E2B25390E0097EC90;
			remoteInfo = LogKitExample;
		};
/* End PBXContainerItemProxy section */

/* Begin PBXFileReference section */
		4954870F2B25390E0097EC90 /* LogKitExample.app */ = {isa = PBXFileReference; explicitFileType = wrapper.application; includeInIndex = 0; path = LogKitExample.app; sourceTree = BUILT_PRODUCTS_DIR; };
		495487252B25390F0097EC90 /* LogKitExampleTests.xctest */ = {isa = PBXFileReference; explicitFileType = wrapper.cfbundle; includeInIndex = 0; path = LogKitExampleTests.xctest; sourceTree = BUILT_PRODUCTS_DIR; };
/* End PBXFileReference section */

/* Begin PBXFileSystemSynchronizedBuildFileExceptionSet section */
		49BED0102CDBD50100EC84B9 /* PBXFileSystemSynchronizedBuildFileExceptionSet */ = {
			isa = PBXFileSystemSynchronizedBuildFileExceptionSet;
			membershipExceptions = (
				Info.plist,
			);
			target = 4954870E2B25390E0097EC90 /* LogKitExample */;
		};
/* End PBXFileSystemSynchronizedBuildFileExceptionSet section */

/* Begin PBXFileSystemSynchronizedRootGroup section */
		49FC45182CDBCC4900E4A534 /* LogKitExample */ = {isa = PBXFileSystemSynchronizedRootGroup; exceptions = (49BED0102CDBD50100EC84B9 /* PBXFileSystemSynchronizedBuildFileExceptionSet */, ); explicitFileTypes = {}; explicitFolders = (); path = LogKitExample; sourceTree = "<group>"; };
		49FC45222CDBCC5900E4A534 /* LogKitExampleTests */ = {isa = PBXFileSystemSynchronizedRootGroup; explicitFileTypes = {}; explicitFolders = (); path = LogKitExampleTests; sourceTree = "<group>"; };
/* End PBXFileSystemSynchronizedRootGroup section */

/* Begin PBXFrameworksBuildPhase section */
		4954870C2B25390E0097EC90 /* Frameworks */ = {
			isa = PBXFrameworksBuildPhase;
			buildActionMask = 2147483647;
			files = (
				49BECFD22CDBCDD100EC84B9 /* DatadogCrashReporting in Frameworks */,
				49BECFD62CDBCDD100EC84B9 /* DatadogObjc in Frameworks */,
				49BECFD82CDBCDD100EC84B9 /* DatadogRUM in Frameworks */,
				49FC452B2CDBCCA000E4A534 /* LogKit in Frameworks */,
				49BECFD02CDBCDD100EC84B9 /* DatadogCore in Frameworks */,
				49BECFEA2CDBCFF300EC84B9 /* FirebaseCrashlytics in Frameworks */,
				49BECFD42CDBCDD100EC84B9 /* DatadogLogs in Frameworks */,
				4912605C2B253AEE0083482C /* LogKit in Frameworks */,
			);
			runOnlyForDeploymentPostprocessing = 0;
		};
		495487222B25390F0097EC90 /* Frameworks */ = {
			isa = PBXFrameworksBuildPhase;
			buildActionMask = 2147483647;
			files = (
			);
			runOnlyForDeploymentPostprocessing = 0;
		};
/* End PBXFrameworksBuildPhase section */

/* Begin PBXGroup section */
		495487062B25390E0097EC90 = {
			isa = PBXGroup;
			children = (
				49FC45182CDBCC4900E4A534 /* LogKitExample */,
				49FC45222CDBCC5900E4A534 /* LogKitExampleTests */,
				495487102B25390E0097EC90 /* Products */,
			);
			sourceTree = "<group>";
		};
		495487102B25390E0097EC90 /* Products */ = {
			isa = PBXGroup;
			children = (
				4954870F2B25390E0097EC90 /* LogKitExample.app */,
				495487252B25390F0097EC90 /* LogKitExampleTests.xctest */,
			);
			name = Products;
			sourceTree = "<group>";
		};
/* End PBXGroup section */

/* Begin PBXNativeTarget section */
		4954870E2B25390E0097EC90 /* LogKitExample */ = {
			isa = PBXNativeTarget;
			buildConfigurationList = 495487392B25390F0097EC90 /* Build configuration list for PBXNativeTarget "LogKitExample" */;
			buildPhases = (
				4954870B2B25390E0097EC90 /* Sources */,
				4954870C2B25390E0097EC90 /* Frameworks */,
				4954870D2B25390E0097EC90 /* Resources */,
			);
			buildRules = (
			);
			dependencies = (
			);
			fileSystemSynchronizedGroups = (
				49FC45182CDBCC4900E4A534 /* LogKitExample */,
			);
			name = LogKitExample;
			packageProductDependencies = (
				4912605B2B253AEE0083482C /* LogKit */,
				49FC452A2CDBCCA000E4A534 /* LogKit */,
				49BECFCF2CDBCDD100EC84B9 /* DatadogCore */,
				49BECFD12CDBCDD100EC84B9 /* DatadogCrashReporting */,
				49BECFD32CDBCDD100EC84B9 /* DatadogLogs */,
				49BECFD52CDBCDD100EC84B9 /* DatadogObjc */,
				49BECFD72CDBCDD100EC84B9 /* DatadogRUM */,
				49BECFE92CDBCFF300EC84B9 /* FirebaseCrashlytics */,
			);
			productName = LogKitExample;
			productReference = 4954870F2B25390E0097EC90 /* LogKitExample.app */;
			productType = "com.apple.product-type.application";
		};
		495487242B25390F0097EC90 /* LogKitExampleTests */ = {
			isa = PBXNativeTarget;
			buildConfigurationList = 4954873C2B25390F0097EC90 /* Build configuration list for PBXNativeTarget "LogKitExampleTests" */;
			buildPhases = (
				495487212B25390F0097EC90 /* Sources */,
				495487222B25390F0097EC90 /* Frameworks */,
				495487232B25390F0097EC90 /* Resources */,
			);
			buildRules = (
			);
			dependencies = (
				495487272B25390F0097EC90 /* PBXTargetDependency */,
			);
			fileSystemSynchronizedGroups = (
				49FC45222CDBCC5900E4A534 /* LogKitExampleTests */,
			);
			name = LogKitExampleTests;
			productName = LogKitExampleTests;
			productReference = 495487252B25390F0097EC90 /* LogKitExampleTests.xctest */;
			productType = "com.apple.product-type.bundle.unit-test";
		};
/* End PBXNativeTarget section */

/* Begin PBXProject section */
		495487072B25390E0097EC90 /* Project object */ = {
			isa = PBXProject;
			attributes = {
				BuildIndependentTargetsInParallel = 1;
				LastSwiftUpdateCheck = 1500;
				LastUpgradeCheck = 1610;
				TargetAttributes = {
					4954870E2B25390E0097EC90 = {
						CreatedOnToolsVersion = 15.0.1;
						LastSwiftMigration = 1500;
					};
					495487242B25390F0097EC90 = {
						CreatedOnToolsVersion = 15.0.1;
						TestTargetID = 4954870E2B25390E0097EC90;
					};
				};
			};
			buildConfigurationList = 4954870A2B25390E0097EC90 /* Build configuration list for PBXProject "LogKitExample" */;
			compatibilityVersion = "Xcode 14.0";
			developmentRegion = en;
			hasScannedForEncodings = 0;
			knownRegions = (
				en,
				Base,
			);
			mainGroup = 495487062B25390E0097EC90;
			packageReferences = (
				49FC45292CDBCCA000E4A534 /* XCRemoteSwiftPackageReference "log-kit" */,
				49BECFCE2CDBCDD100EC84B9 /* XCRemoteSwiftPackageReference "dd-sdk-ios" */,
				49BECFE82CDBCFF300EC84B9 /* XCRemoteSwiftPackageReference "firebase-ios-sdk" */,
			);
			productRefGroup = 495487102B25390E0097EC90 /* Products */;
			projectDirPath = "";
			projectRoot = "";
			targets = (
				4954870E2B25390E0097EC90 /* LogKitExample */,
				495487242B25390F0097EC90 /* LogKitExampleTests */,
			);
		};
/* End PBXProject section */

/* Begin PBXResourcesBuildPhase section */
		4954870D2B25390E0097EC90 /* Resources */ = {
			isa = PBXResourcesBuildPhase;
			buildActionMask = 2147483647;
			files = (
			);
			runOnlyForDeploymentPostprocessing = 0;
		};
		495487232B25390F0097EC90 /* Resources */ = {
			isa = PBXResourcesBuildPhase;
			buildActionMask = 2147483647;
			files = (
			);
			runOnlyForDeploymentPostprocessing = 0;
		};
/* End PBXResourcesBuildPhase section */

/* Begin PBXSourcesBuildPhase section */
		4954870B2B25390E0097EC90 /* Sources */ = {
			isa = PBXSourcesBuildPhase;
			buildActionMask = 2147483647;
			files = (
			);
			runOnlyForDeploymentPostprocessing = 0;
		};
		495487212B25390F0097EC90 /* Sources */ = {
			isa = PBXSourcesBuildPhase;
			buildActionMask = 2147483647;
			files = (
			);
			runOnlyForDeploymentPostprocessing = 0;
		};
/* End PBXSourcesBuildPhase section */

/* Begin PBXTargetDependency section */
		495487272B25390F0097EC90 /* PBXTargetDependency */ = {
			isa = PBXTargetDependency;
			target = 4954870E2B25390E0097EC90 /* LogKitExample */;
			targetProxy = 495487262B25390F0097EC90 /* PBXContainerItemProxy */;
		};
/* End PBXTargetDependency section */

/* Begin XCBuildConfiguration section */
		495487372B25390F0097EC90 /* Debug */ = {
			isa = XCBuildConfiguration;
			buildSettings = {
				ALWAYS_SEARCH_USER_PATHS = NO;
				ASSETCATALOG_COMPILER_GENERATE_SWIFT_ASSET_SYMBOL_EXTENSIONS = YES;
				CLANG_ANALYZER_NONNULL = YES;
				CLANG_ANALYZER_NUMBER_OBJECT_CONVERSION = YES_AGGRESSIVE;
				CLANG_CXX_LANGUAGE_STANDARD = "gnu++20";
				CLANG_ENABLE_MODULES = YES;
				CLANG_ENABLE_OBJC_ARC = YES;
				CLANG_ENABLE_OBJC_WEAK = YES;
				CLANG_WARN_BLOCK_CAPTURE_AUTORELEASING = YES;
				CLANG_WARN_BOOL_CONVERSION = YES;
				CLANG_WARN_COMMA = YES;
				CLANG_WARN_CONSTANT_CONVERSION = YES;
				CLANG_WARN_DEPRECATED_OBJC_IMPLEMENTATIONS = YES;
				CLANG_WARN_DIRECT_OBJC_ISA_USAGE = YES_ERROR;
				CLANG_WARN_DOCUMENTATION_COMMENTS = YES;
				CLANG_WARN_EMPTY_BODY = YES;
				CLANG_WARN_ENUM_CONVERSION = YES;
				CLANG_WARN_INFINITE_RECURSION = YES;
				CLANG_WARN_INT_CONVERSION = YES;
				CLANG_WARN_NON_LITERAL_NULL_CONVERSION = YES;
				CLANG_WARN_OBJC_IMPLICIT_RETAIN_SELF = YES;
				CLANG_WARN_OBJC_LITERAL_CONVERSION = YES;
				CLANG_WARN_OBJC_ROOT_CLASS = YES_ERROR;
				CLANG_WARN_QUOTED_INCLUDE_IN_FRAMEWORK_HEADER = YES;
				CLANG_WARN_RANGE_LOOP_ANALYSIS = YES;
				CLANG_WARN_STRICT_PROTOTYPES = YES;
				CLANG_WARN_SUSPICIOUS_MOVE = YES;
				CLANG_WARN_UNGUARDED_AVAILABILITY = YES_AGGRESSIVE;
				CLANG_WARN_UNREACHABLE_CODE = YES;
				CLANG_WARN__DUPLICATE_METHOD_MATCH = YES;
				COPY_PHASE_STRIP = NO;
				DEBUG_INFORMATION_FORMAT = dwarf;
				ENABLE_STRICT_OBJC_MSGSEND = YES;
				ENABLE_TESTABILITY = YES;
				ENABLE_USER_SCRIPT_SANDBOXING = YES;
				GCC_C_LANGUAGE_STANDARD = gnu17;
				GCC_DYNAMIC_NO_PIC = NO;
				GCC_NO_COMMON_BLOCKS = YES;
				GCC_OPTIMIZATION_LEVEL = 0;
				GCC_PREPROCESSOR_DEFINITIONS = (
					"DEBUG=1",
					"$(inherited)",
				);
				GCC_WARN_64_TO_32_BIT_CONVERSION = YES;
				GCC_WARN_ABOUT_RETURN_TYPE = YES_ERROR;
				GCC_WARN_UNDECLARED_SELECTOR = YES;
				GCC_WARN_UNINITIALIZED_AUTOS = YES_AGGRESSIVE;
				GCC_WARN_UNUSED_FUNCTION = YES;
				GCC_WARN_UNUSED_VARIABLE = YES;
				IPHONEOS_DEPLOYMENT_TARGET = 17.0;
				LOCALIZATION_PREFERS_STRING_CATALOGS = YES;
				MTL_ENABLE_DEBUG_INFO = INCLUDE_SOURCE;
				MTL_FAST_MATH = YES;
				ONLY_ACTIVE_ARCH = YES;
				SDKROOT = iphoneos;
				SWIFT_ACTIVE_COMPILATION_CONDITIONS = "DEBUG $(inherited)";
				SWIFT_OPTIMIZATION_LEVEL = "-Onone";
			};
			name = Debug;
		};
		495487382B25390F0097EC90 /* Release */ = {
			isa = XCBuildConfiguration;
			buildSettings = {
				ALWAYS_SEARCH_USER_PATHS = NO;
				ASSETCATALOG_COMPILER_GENERATE_SWIFT_ASSET_SYMBOL_EXTENSIONS = YES;
				CLANG_ANALYZER_NONNULL = YES;
				CLANG_ANALYZER_NUMBER_OBJECT_CONVERSION = YES_AGGRESSIVE;
				CLANG_CXX_LANGUAGE_STANDARD = "gnu++20";
				CLANG_ENABLE_MODULES = YES;
				CLANG_ENABLE_OBJC_ARC = YES;
				CLANG_ENABLE_OBJC_WEAK = YES;
				CLANG_WARN_BLOCK_CAPTURE_AUTORELEASING = YES;
				CLANG_WARN_BOOL_CONVERSION = YES;
				CLANG_WARN_COMMA = YES;
				CLANG_WARN_CONSTANT_CONVERSION = YES;
				CLANG_WARN_DEPRECATED_OBJC_IMPLEMENTATIONS = YES;
				CLANG_WARN_DIRECT_OBJC_ISA_USAGE = YES_ERROR;
				CLANG_WARN_DOCUMENTATION_COMMENTS = YES;
				CLANG_WARN_EMPTY_BODY = YES;
				CLANG_WARN_ENUM_CONVERSION = YES;
				CLANG_WARN_INFINITE_RECURSION = YES;
				CLANG_WARN_INT_CONVERSION = YES;
				CLANG_WARN_NON_LITERAL_NULL_CONVERSION = YES;
				CLANG_WARN_OBJC_IMPLICIT_RETAIN_SELF = YES;
				CLANG_WARN_OBJC_LITERAL_CONVERSION = YES;
				CLANG_WARN_OBJC_ROOT_CLASS = YES_ERROR;
				CLANG_WARN_QUOTED_INCLUDE_IN_FRAMEWORK_HEADER = YES;
				CLANG_WARN_RANGE_LOOP_ANALYSIS = YES;
				CLANG_WARN_STRICT_PROTOTYPES = YES;
				CLANG_WARN_SUSPICIOUS_MOVE = YES;
				CLANG_WARN_UNGUARDED_AVAILABILITY = YES_AGGRESSIVE;
				CLANG_WARN_UNREACHABLE_CODE = YES;
				CLANG_WARN__DUPLICATE_METHOD_MATCH = YES;
				COPY_PHASE_STRIP = NO;
				DEBUG_INFORMATION_FORMAT = "dwarf-with-dsym";
				ENABLE_NS_ASSERTIONS = NO;
				ENABLE_STRICT_OBJC_MSGSEND = YES;
				ENABLE_USER_SCRIPT_SANDBOXING = YES;
				GCC_C_LANGUAGE_STANDARD = gnu17;
				GCC_NO_COMMON_BLOCKS = YES;
				GCC_WARN_64_TO_32_BIT_CONVERSION = YES;
				GCC_WARN_ABOUT_RETURN_TYPE = YES_ERROR;
				GCC_WARN_UNDECLARED_SELECTOR = YES;
				GCC_WARN_UNINITIALIZED_AUTOS = YES_AGGRESSIVE;
				GCC_WARN_UNUSED_FUNCTION = YES;
				GCC_WARN_UNUSED_VARIABLE = YES;
				IPHONEOS_DEPLOYMENT_TARGET = 17.0;
				LOCALIZATION_PREFERS_STRING_CATALOGS = YES;
				MTL_ENABLE_DEBUG_INFO = NO;
				MTL_FAST_MATH = YES;
				SDKROOT = iphoneos;
				SWIFT_COMPILATION_MODE = wholemodule;
				VALIDATE_PRODUCT = YES;
			};
			name = Release;
		};
		4954873A2B25390F0097EC90 /* Debug */ = {
			isa = XCBuildConfiguration;
			buildSettings = {
				ASSETCATALOG_COMPILER_APPICON_NAME = AppIcon;
				ASSETCATALOG_COMPILER_GLOBAL_ACCENT_COLOR_NAME = AccentColor;
				CLANG_ENABLE_MODULES = YES;
				CODE_SIGN_ENTITLEMENTS = LogKitExample/LogKitExample.entitlements;
				CODE_SIGN_STYLE = Automatic;
				CURRENT_PROJECT_VERSION = 1;
				DEVELOPMENT_TEAM = WNVLT95ZEN;
				GENERATE_INFOPLIST_FILE = YES;
				INFOPLIST_FILE = LogKitExample/Info.plist;
				INFOPLIST_KEY_UIApplicationSupportsIndirectInputEvents = YES;
				INFOPLIST_KEY_UILaunchStoryboardName = LaunchScreen;
				INFOPLIST_KEY_UIMainStoryboardFile = Main;
				INFOPLIST_KEY_UISupportedInterfaceOrientations_iPad = "UIInterfaceOrientationPortrait UIInterfaceOrientationPortraitUpsideDown UIInterfaceOrientationLandscapeLeft UIInterfaceOrientationLandscapeRight";
				INFOPLIST_KEY_UISupportedInterfaceOrientations_iPhone = "UIInterfaceOrientationPortrait UIInterfaceOrientationLandscapeLeft UIInterfaceOrientationLandscapeRight";
				LD_RUNPATH_SEARCH_PATHS = (
					"$(inherited)",
					"@executable_path/Frameworks",
				);
				MARKETING_VERSION = 1.0;
				PRODUCT_BUNDLE_IDENTIFIER = com.andrewmclean.LogKitExample;
				PRODUCT_NAME = "$(TARGET_NAME)";
				SUPPORTED_PLATFORMS = "iphoneos iphonesimulator";
				SUPPORTS_MACCATALYST = YES;
				SUPPORTS_MAC_DESIGNED_FOR_IPHONE_IPAD = NO;
				SWIFT_EMIT_LOC_STRINGS = YES;
				SWIFT_OPTIMIZATION_LEVEL = "-Onone";
				SWIFT_VERSION = 5.0;
				TARGETED_DEVICE_FAMILY = "1,2";
			};
			name = Debug;
		};
		4954873B2B25390F0097EC90 /* Release */ = {
			isa = XCBuildConfiguration;
			buildSettings = {
				ASSETCATALOG_COMPILER_APPICON_NAME = AppIcon;
				ASSETCATALOG_COMPILER_GLOBAL_ACCENT_COLOR_NAME = AccentColor;
				CLANG_ENABLE_MODULES = YES;
				CODE_SIGN_ENTITLEMENTS = LogKitExample/LogKitExample.entitlements;
				CODE_SIGN_STYLE = Automatic;
				CURRENT_PROJECT_VERSION = 1;
				DEVELOPMENT_TEAM = WNVLT95ZEN;
				GENERATE_INFOPLIST_FILE = YES;
				INFOPLIST_FILE = LogKitExample/Info.plist;
				INFOPLIST_KEY_UIApplicationSupportsIndirectInputEvents = YES;
				INFOPLIST_KEY_UILaunchStoryboardName = LaunchScreen;
				INFOPLIST_KEY_UIMainStoryboardFile = Main;
				INFOPLIST_KEY_UISupportedInterfaceOrientations_iPad = "UIInterfaceOrientationPortrait UIInterfaceOrientationPortraitUpsideDown UIInterfaceOrientationLandscapeLeft UIInterfaceOrientationLandscapeRight";
				INFOPLIST_KEY_UISupportedInterfaceOrientations_iPhone = "UIInterfaceOrientationPortrait UIInterfaceOrientationLandscapeLeft UIInterfaceOrientationLandscapeRight";
				LD_RUNPATH_SEARCH_PATHS = (
					"$(inherited)",
					"@executable_path/Frameworks",
				);
				MARKETING_VERSION = 1.0;
				PRODUCT_BUNDLE_IDENTIFIER = com.andrewmclean.LogKitExample;
				PRODUCT_NAME = "$(TARGET_NAME)";
				SUPPORTED_PLATFORMS = "iphoneos iphonesimulator";
				SUPPORTS_MACCATALYST = YES;
				SUPPORTS_MAC_DESIGNED_FOR_IPHONE_IPAD = NO;
				SWIFT_EMIT_LOC_STRINGS = YES;
				SWIFT_VERSION = 5.0;
				TARGETED_DEVICE_FAMILY = "1,2";
			};
			name = Release;
		};
		4954873D2B25390F0097EC90 /* Debug */ = {
			isa = XCBuildConfiguration;
			buildSettings = {
				BUNDLE_LOADER = "$(TEST_HOST)";
				CODE_SIGN_STYLE = Automatic;
				CURRENT_PROJECT_VERSION = 1;
				DEVELOPMENT_TEAM = QYMB49HS92;
				GENERATE_INFOPLIST_FILE = YES;
				IPHONEOS_DEPLOYMENT_TARGET = 17.0;
				MARKETING_VERSION = 1.0;
				PRODUCT_BUNDLE_IDENTIFIER = com.rabbit3times.LogKitExampleTests;
				PRODUCT_NAME = "$(TARGET_NAME)";
				SUPPORTED_PLATFORMS = "iphoneos iphonesimulator";
				SUPPORTS_MACCATALYST = YES;
				SUPPORTS_MAC_DESIGNED_FOR_IPHONE_IPAD = NO;
				SWIFT_EMIT_LOC_STRINGS = NO;
				SWIFT_VERSION = 5.0;
				TARGETED_DEVICE_FAMILY = "1,2";
				TEST_HOST = "$(BUILT_PRODUCTS_DIR)/LogKitExample.app/$(BUNDLE_EXECUTABLE_FOLDER_PATH)/LogKitExample";
			};
			name = Debug;
		};
		4954873E2B25390F0097EC90 /* Release */ = {
			isa = XCBuildConfiguration;
			buildSettings = {
				BUNDLE_LOADER = "$(TEST_HOST)";
				CODE_SIGN_STYLE = Automatic;
				CURRENT_PROJECT_VERSION = 1;
				DEVELOPMENT_TEAM = QYMB49HS92;
				GENERATE_INFOPLIST_FILE = YES;
				IPHONEOS_DEPLOYMENT_TARGET = 17.0;
				MARKETING_VERSION = 1.0;
				PRODUCT_BUNDLE_IDENTIFIER = com.rabbit3times.LogKitExampleTests;
				PRODUCT_NAME = "$(TARGET_NAME)";
				SUPPORTED_PLATFORMS = "iphoneos iphonesimulator";
				SUPPORTS_MACCATALYST = YES;
				SUPPORTS_MAC_DESIGNED_FOR_IPHONE_IPAD = NO;
				SWIFT_EMIT_LOC_STRINGS = NO;
				SWIFT_VERSION = 5.0;
				TARGETED_DEVICE_FAMILY = "1,2";
				TEST_HOST = "$(BUILT_PRODUCTS_DIR)/LogKitExample.app/$(BUNDLE_EXECUTABLE_FOLDER_PATH)/LogKitExample";
			};
			name = Release;
		};
/* End XCBuildConfiguration section */

/* Begin XCConfigurationList section */
		4954870A2B25390E0097EC90 /* Build configuration list for PBXProject "LogKitExample" */ = {
			isa = XCConfigurationList;
			buildConfigurations = (
				495487372B25390F0097EC90 /* Debug */,
				495487382B25390F0097EC90 /* Release */,
			);
			defaultConfigurationIsVisible = 0;
			defaultConfigurationName = Release;
		};
		495487392B25390F0097EC90 /* Build configuration list for PBXNativeTarget "LogKitExample" */ = {
			isa = XCConfigurationList;
			buildConfigurations = (
				4954873A2B25390F0097EC90 /* Debug */,
				4954873B2B25390F0097EC90 /* Release */,
			);
			defaultConfigurationIsVisible = 0;
			defaultConfigurationName = Release;
		};
		4954873C2B25390F0097EC90 /* Build configuration list for PBXNativeTarget "LogKitExampleTests" */ = {
			isa = XCConfigurationList;
			buildConfigurations = (
				4954873D2B25390F0097EC90 /* Debug */,
				4954873E2B25390F0097EC90 /* Release */,
			);
			defaultConfigurationIsVisible = 0;
			defaultConfigurationName = Release;
		};
/* End XCConfigurationList section */

/* Begin XCRemoteSwiftPackageReference section */
		49BECFCE2CDBCDD100EC84B9 /* XCRemoteSwiftPackageReference "dd-sdk-ios" */ = {
			isa = XCRemoteSwiftPackageReference;
			repositoryURL = "https://github.com/DataDog/dd-sdk-ios.git";
			requirement = {
				kind = upToNextMajorVersion;
				minimumVersion = 2.19.0;
			};
		};
		49BECFE82CDBCFF300EC84B9 /* XCRemoteSwiftPackageReference "firebase-ios-sdk" */ = {
			isa = XCRemoteSwiftPackageReference;
			repositoryURL = "https://github.com/firebase/firebase-ios-sdk.git";
			requirement = {
				kind = upToNextMajorVersion;
				minimumVersion = 11.4.0;
			};
		};
		49FC45292CDBCCA000E4A534 /* XCRemoteSwiftPackageReference "log-kit" */ = {
			isa = XCRemoteSwiftPackageReference;
			repositoryURL = "https://github.com/drewmclean/log-kit.git";
			requirement = {
				branch = main;
				kind = branch;
			};
		};
/* End XCRemoteSwiftPackageReference section */

/* Begin XCSwiftPackageProductDependency section */
		4912605B2B253AEE0083482C /* LogKit */ = {
			isa = XCSwiftPackageProductDependency;
			productName = LogKit;
		};
		49BECFCF2CDBCDD100EC84B9 /* DatadogCore */ = {
			isa = XCSwiftPackageProductDependency;
			package = 49BECFCE2CDBCDD100EC84B9 /* XCRemoteSwiftPackageReference "dd-sdk-ios" */;
			productName = DatadogCore;
		};
		49BECFD12CDBCDD100EC84B9 /* DatadogCrashReporting */ = {
			isa = XCSwiftPackageProductDependency;
			package = 49BECFCE2CDBCDD100EC84B9 /* XCRemoteSwiftPackageReference "dd-sdk-ios" */;
			productName = DatadogCrashReporting;
		};
		49BECFD32CDBCDD100EC84B9 /* DatadogLogs */ = {
			isa = XCSwiftPackageProductDependency;
			package = 49BECFCE2CDBCDD100EC84B9 /* XCRemoteSwiftPackageReference "dd-sdk-ios" */;
			productName = DatadogLogs;
		};
		49BECFD52CDBCDD100EC84B9 /* DatadogObjc */ = {
			isa = XCSwiftPackageProductDependency;
			package = 49BECFCE2CDBCDD100EC84B9 /* XCRemoteSwiftPackageReference "dd-sdk-ios" */;
			productName = DatadogObjc;
		};
		49BECFD72CDBCDD100EC84B9 /* DatadogRUM */ = {
			isa = XCSwiftPackageProductDependency;
			package = 49BECFCE2CDBCDD100EC84B9 /* XCRemoteSwiftPackageReference "dd-sdk-ios" */;
			productName = DatadogRUM;
		};
		49BECFE92CDBCFF300EC84B9 /* FirebaseCrashlytics */ = {
			isa = XCSwiftPackageProductDependency;
			package = 49BECFE82CDBCFF300EC84B9 /* XCRemoteSwiftPackageReference "firebase-ios-sdk" */;
			productName = FirebaseCrashlytics;
		};
		49FC452A2CDBCCA000E4A534 /* LogKit */ = {
			isa = XCSwiftPackageProductDependency;
			package = 49FC45292CDBCCA000E4A534 /* XCRemoteSwiftPackageReference "log-kit" */;
			productName = LogKit;
		};
/* End XCSwiftPackageProductDependency section */
	};
	rootObject = 495487072B25390E0097EC90 /* Project object */;
}
